
Microsoft Visual Studio Solution File, Format Version 12.00
# Visual Studio 2013
VisualStudioVersion = 12.0.40629.0
MinimumVisualStudioVersion = 10.0.40219.1
Project("{FAE04EC0-301F-11D3-BF4B-00C04F79EFBC}") = "helloname", "helloname\helloname.csproj", "{90AB537F-DB0C-413D-8F86-4DBFAC37AF3A}"
EndProject
Project("{FAE04EC0-301F-11D3-BF4B-00C04F79EFBC}") = "Favcluborsport", "ConsoleApplication1\Favcluborsport.csproj", "{4C499183-BF8A-457E-B207-AFEA2EB5997A}"
EndProject
Project("{FAE04EC0-301F-11D3-BF4B-00C04F79EFBC}") = "prog52aConsole", "prog52a\prog52aConsole.csproj", "{E3EFB7D0-EC16-4F2D-846E-1FE96D96BAC0}"
EndProject
Project("{FAE04EC0-301F-11D3-BF4B-00C04F79EFBC}") = "prog54bConsle", "prog54bConsle\prog54bConsle.csproj", "{D86C8B6A-136B-49CA-B37F-24BDD5F5F53D}"
EndProject
Project("{FAE04EC0-301F-11D3-BF4B-00C04F79EFBC}") = "prog54cConsle", "prog54cConsle\prog54cConsle.csproj", "{BC015918-693C-4F93-9CFD-8774490A764B}"
EndProject
Project("{FAE04EC0-301F-11D3-BF4B-00C04F79EFBC}") = "LP4-1", "LP4-1\LP4-1.csproj", "{D45B45ED-A411-44F0-B0B0-90925C6486DD}"
EndProject
Project("{FAE04EC0-301F-11D3-BF4B-00C04F79EFBC}") = "Prog85c", "Prog85c\Prog85c.csproj", "{9BF81A90-3B52-4FDC-9AF4-5C90105D1EE5}"
EndProject
Project("{FAE04EC0-301F-11D3-BF4B-00C04F79EFBC}") = "LP4-2", "LP4-2\LP4-2.csproj", "{DD127BE3-4FB5-47E7-AFF9-0838E491B688}"
EndProject
Project("{FAE04EC0-301F-11D3-BF4B-00C04F79EFBC}") = "LP4-5", "LP4-3\LP4-5.csproj", "{1F138CF5-F6F4-4B7B-B5C8-67D06DCA3A3A}"
EndProject
Project("{FAE04EC0-301F-11D3-BF4B-00C04F79EFBC}") = "pg266", "pg266\pg266.csproj", "{53FD809F-0C7A-4208-AA06-11036BD3217A}"
EndProject
Global
	GlobalSection(SolutionConfigurationPlatforms) = preSolution
		Debug|Any CPU = Debug|Any CPU
		Release|Any CPU = Release|Any CPU
	EndGlobalSection
	GlobalSection(ProjectConfigurationPlatforms) = postSolution
		{90AB537F-DB0C-413D-8F86-4DBFAC37AF3A}.Debug|Any CPU.ActiveCfg = Debug|Any CPU
		{90AB537F-DB0C-413D-8F86-4DBFAC37AF3A}.Debug|Any CPU.Build.0 = Debug|Any CPU
		{90AB537F-DB0C-413D-8F86-4DBFAC37AF3A}.Release|Any CPU.ActiveCfg = Release|Any CPU
		{90AB537F-DB0C-413D-8F86-4DBFAC37AF3A}.Release|Any CPU.Build.0 = Release|Any CPU
		{4C499183-BF8A-457E-B207-AFEA2EB5997A}.Debug|Any CPU.ActiveCfg = Debug|Any CPU
		{4C499183-BF8A-457E-B207-AFEA2EB5997A}.Debug|Any CPU.Build.0 = Debug|Any CPU
		{4C499183-BF8A-457E-B207-AFEA2EB5997A}.Release|Any CPU.ActiveCfg = Release|Any CPU
		{4C499183-BF8A-457E-B207-AFEA2EB5997A}.Release|Any CPU.Build.0 = Release|Any CPU
		{E3EFB7D0-EC16-4F2D-846E-1FE96D96BAC0}.Debug|Any CPU.ActiveCfg = Debug|Any CPU
		{E3EFB7D0-EC16-4F2D-846E-1FE96D96BAC0}.Debug|Any CPU.Build.0 = Debug|Any CPU
		{E3EFB7D0-EC16-4F2D-846E-1FE96D96BAC0}.Release|Any CPU.ActiveCfg = Release|Any CPU
		{E3EFB7D0-EC16-4F2D-846E-1FE96D96BAC0}.Release|Any CPU.Build.0 = Release|Any CPU
		{D86C8B6A-136B-49CA-B37F-24BDD5F5F53D}.Debug|Any CPU.ActiveCfg = Debug|Any CPU
		{D86C8B6A-136B-49CA-B37F-24BDD5F5F53D}.Debug|Any CPU.Build.0 = Debug|Any CPU
		{D86C8B6A-136B-49CA-B37F-24BDD5F5F53D}.Release|Any CPU.ActiveCfg = Release|Any CPU
		{D86C8B6A-136B-49CA-B37F-24BDD5F5F53D}.Release|Any CPU.Build.0 = Release|Any CPU
		{BC015918-693C-4F93-9CFD-8774490A764B}.Debug|Any CPU.ActiveCfg = Debug|Any CPU
		{BC015918-693C-4F93-9CFD-8774490A764B}.Debug|Any CPU.Build.0 = Debug|Any CPU
		{BC015918-693C-4F93-9CFD-8774490A764B}.Release|Any CPU.ActiveCfg = Release|Any CPU
		{BC015918-693C-4F93-9CFD-8774490A764B}.Release|Any CPU.Build.0 = Release|Any CPU
		{D45B45ED-A411-44F0-B0B0-90925C6486DD}.Debug|Any CPU.ActiveCfg = Debug|Any CPU
		{D45B45ED-A411-44F0-B0B0-90925C6486DD}.Debug|Any CPU.Build.0 = Debug|Any CPU
		{D45B45ED-A411-44F0-B0B0-90925C6486DD}.Release|Any CPU.ActiveCfg = Release|Any CPU
		{D45B45ED-A411-44F0-B0B0-90925C6486DD}.Release|Any CPU.Build.0 = Release|Any CPU
		{9BF81A90-3B52-4FDC-9AF4-5C90105D1EE5}.Debug|Any CPU.ActiveCfg = Debug|Any CPU
		{9BF81A90-3B52-4FDC-9AF4-5C90105D1EE5}.Debug|Any CPU.Build.0 = Debug|Any CPU
		{9BF81A90-3B52-4FDC-9AF4-5C90105D1EE5}.Release|Any CPU.ActiveCfg = Release|Any CPU
		{9BF81A90-3B52-4FDC-9AF4-5C90105D1EE5}.Release|Any CPU.Build.0 = Release|Any CPU
		{DD127BE3-4FB5-47E7-AFF9-0838E491B688}.Debug|Any CPU.ActiveCfg = Debug|Any CPU
		{DD127BE3-4FB5-47E7-AFF9-0838E491B688}.Debug|Any CPU.Build.0 = Debug|Any CPU
		{DD127BE3-4FB5-47E7-AFF9-0838E491B688}.Release|Any CPU.ActiveCfg = Release|Any CPU
		{DD127BE3-4FB5-47E7-AFF9-0838E491B688}.Release|Any CPU.Build.0 = Release|Any CPU
		{1F138CF5-F6F4-4B7B-B5C8-67D06DCA3A3A}.Debug|Any CPU.ActiveCfg = Debug|Any CPU
		{1F138CF5-F6F4-4B7B-B5C8-67D06DCA3A3A}.Debug|Any CPU.Build.0 = Debug|Any CPU
		{1F138CF5-F6F4-4B7B-B5C8-67D06DCA3A3A}.Release|Any CPU.ActiveCfg = Release|Any CPU
		{1F138CF5-F6F4-4B7B-B5C8-67D06DCA3A3A}.Release|Any CPU.Build.0 = Release|Any CPU
		{53FD809F-0C7A-4208-AA06-11036BD3217A}.Debug|Any CPU.ActiveCfg = Debug|Any CPU
		{53FD809F-0C7A-4208-AA06-11036BD3217A}.Debug|Any CPU.Build.0 = Debug|Any CPU
		{53FD809F-0C7A-4208-AA06-11036BD3217A}.Release|Any CPU.ActiveCfg = Release|Any CPU
		{53FD809F-0C7A-4208-AA06-11036BD3217A}.Release|Any CPU.Build.0 = Release|Any CPU
	EndGlobalSection
	GlobalSection(SolutionProperties) = preSolution
		HideSolutionNode = FALSE
	EndGlobalSection
EndGlobal
